
Microsoft Visual Studio Solution File, Format Version 12.00
# Visual Studio Version 17
VisualStudioVersion = 17.7.34031.279
MinimumVisualStudioVersion = 10.0.40219.1
Project("{9A19103F-16F7-4668-BE54-9A1E7A4F7556}") = "EventSpace.Server", "EventSpace\Server\EventSpace.Server.csproj", "{CA701342-54B8-4BD7-ACCD-080AC52618F6}"
EndProject
Project("{9A19103F-16F7-4668-BE54-9A1E7A4F7556}") = "EventSpace.Client", "EventSpace\Client\EventSpace.Client.csproj", "{000ED318-78A5-4E95-A045-E5C2D7EBF6BE}"
EndProject
Project("{9A19103F-16F7-4668-BE54-9A1E7A4F7556}") = "EventSpace.Shared", "EventSpace\Shared\EventSpace.Shared.csproj", "{27F754EB-D9B2-418F-94D8-AFCF3AE43C90}"
EndProject
Global
	GlobalSection(SolutionConfigurationPlatforms) = preSolution
		Debug|Any CPU = Debug|Any CPU
		Release|Any CPU = Release|Any CPU
	EndGlobalSection
	GlobalSection(ProjectConfigurationPlatforms) = postSolution
		{CA701342-54B8-4BD7-ACCD-080AC52618F6}.Debug|Any CPU.ActiveCfg = Debug|Any CPU
		{CA701342-54B8-4BD7-ACCD-080AC52618F6}.Debug|Any CPU.Build.0 = Debug|Any CPU
		{CA701342-54B8-4BD7-ACCD-080AC52618F6}.Release|Any CPU.ActiveCfg = Release|Any CPU
		{CA701342-54B8-4BD7-ACCD-080AC52618F6}.Release|Any CPU.Build.0 = Release|Any CPU
		{000ED318-78A5-4E95-A045-E5C2D7EBF6BE}.Debug|Any CPU.ActiveCfg = Debug|Any CPU
		{000ED318-78A5-4E95-A045-E5C2D7EBF6BE}.Debug|Any CPU.Build.0 = Debug|Any CPU
		{000ED318-78A5-4E95-A045-E5C2D7EBF6BE}.Release|Any CPU.ActiveCfg = Release|Any CPU
		{000ED318-78A5-4E95-A045-E5C2D7EBF6BE}.Release|Any CPU.Build.0 = Release|Any CPU
		{27F754EB-D9B2-418F-94D8-AFCF3AE43C90}.Debug|Any CPU.ActiveCfg = Debug|Any CPU
		{27F754EB-D9B2-418F-94D8-AFCF3AE43C90}.Debug|Any CPU.Build.0 = Debug|Any CPU
		{27F754EB-D9B2-418F-94D8-AFCF3AE43C90}.Release|Any CPU.ActiveCfg = Release|Any CPU
		{27F754EB-D9B2-418F-94D8-AFCF3AE43C90}.Release|Any CPU.Build.0 = Release|Any CPU
	EndGlobalSection
	GlobalSection(SolutionProperties) = preSolution
		HideSolutionNode = FALSE
	EndGlobalSection
	GlobalSection(ExtensibilityGlobals) = postSolution
		SolutionGuid = {85A64351-BDC2-4C76-9CEC-BF9395F571C2}
	EndGlobalSection
EndGlobal
